
Microsoft Visual Studio Solution File, Format Version 12.00
# Visual Studio Version 17
VisualStudioVersion = 17.2.32630.192
MinimumVisualStudioVersion = 10.0.40219.1
Project("{FAE04EC0-301F-11D3-BF4B-00C04F79EFBC}") = "EFCore", "EFCore.csproj", "{DA86E4FA-0928-4712-BDB9-47F55CEC0168}"
EndProject
Global
	GlobalSection(SolutionConfigurationPlatforms) = preSolution
		Debug|Any CPU = Debug|Any CPU
		Release|Any CPU = Release|Any CPU
	EndGlobalSection
	GlobalSection(ProjectConfigurationPlatforms) = postSolution
		{DA86E4FA-0928-4712-BDB9-47F55CEC0168}.Debug|Any CPU.ActiveCfg = Debug|Any CPU
		{DA86E4FA-0928-4712-BDB9-47F55CEC0168}.Debug|Any CPU.Build.0 = Debug|Any CPU
		{DA86E4FA-0928-4712-BDB9-47F55CEC0168}.Release|Any CPU.ActiveCfg = Release|Any CPU
		{DA86E4FA-0928-4712-BDB9-47F55CEC0168}.Release|Any CPU.Build.0 = Release|Any CPU
	EndGlobalSection
	GlobalSection(SolutionProperties) = preSolution
		HideSolutionNode = FALSE
	EndGlobalSection
	GlobalSection(ExtensibilityGlobals) = postSolution
		SolutionGuid = {46B3D7F2-2231-4E77-BF7F-496F8D478683}
	EndGlobalSection
EndGlobal
